
Microsoft Visual Studio Solution File, Format Version 12.00
# Visual Studio Version 16
VisualStudioVersion = 16.0.30907.101
MinimumVisualStudioVersion = 10.0.40219.1
Project("{FAE04EC0-301F-11D3-BF4B-00C04F79EFBC}") = "MostriVSEroi", "MostriVSEroi\MostriVSEroi.csproj", "{7DE4F501-07CE-4E8F-803F-F50764C2E1EC}"
EndProject
Project("{FAE04EC0-301F-11D3-BF4B-00C04F79EFBC}") = "MostriVSEroi.ADORepository", "MostriVSEroi.ADORepository\MostriVSEroi.ADORepository.csproj", "{063D06C7-69B7-42CB-98AC-CB67960C0B41}"
EndProject
Project("{FAE04EC0-301F-11D3-BF4B-00C04F79EFBC}") = "MostriVSEroi.Core", "MostriVSEroi.Core\MostriVSEroi.Core.csproj", "{4F8ABB39-E258-48DA-A6C3-B556C5DECE10}"
EndProject
Project("{FAE04EC0-301F-11D3-BF4B-00C04F79EFBC}") = "MostriVSEroi.Service", "MostriVSEroi.Service\MostriVSEroi.Service.csproj", "{66A81426-CFCA-44D0-BE18-EB2A8162E31D}"
EndProject
Global
	GlobalSection(SolutionConfigurationPlatforms) = preSolution
		Debug|Any CPU = Debug|Any CPU
		Release|Any CPU = Release|Any CPU
	EndGlobalSection
	GlobalSection(ProjectConfigurationPlatforms) = postSolution
		{7DE4F501-07CE-4E8F-803F-F50764C2E1EC}.Debug|Any CPU.ActiveCfg = Debug|Any CPU
		{7DE4F501-07CE-4E8F-803F-F50764C2E1EC}.Debug|Any CPU.Build.0 = Debug|Any CPU
		{7DE4F501-07CE-4E8F-803F-F50764C2E1EC}.Release|Any CPU.ActiveCfg = Release|Any CPU
		{7DE4F501-07CE-4E8F-803F-F50764C2E1EC}.Release|Any CPU.Build.0 = Release|Any CPU
		{063D06C7-69B7-42CB-98AC-CB67960C0B41}.Debug|Any CPU.ActiveCfg = Debug|Any CPU
		{063D06C7-69B7-42CB-98AC-CB67960C0B41}.Debug|Any CPU.Build.0 = Debug|Any CPU
		{063D06C7-69B7-42CB-98AC-CB67960C0B41}.Release|Any CPU.ActiveCfg = Release|Any CPU
		{063D06C7-69B7-42CB-98AC-CB67960C0B41}.Release|Any CPU.Build.0 = Release|Any CPU
		{4F8ABB39-E258-48DA-A6C3-B556C5DECE10}.Debug|Any CPU.ActiveCfg = Debug|Any CPU
		{4F8ABB39-E258-48DA-A6C3-B556C5DECE10}.Debug|Any CPU.Build.0 = Debug|Any CPU
		{4F8ABB39-E258-48DA-A6C3-B556C5DECE10}.Release|Any CPU.ActiveCfg = Release|Any CPU
		{4F8ABB39-E258-48DA-A6C3-B556C5DECE10}.Release|Any CPU.Build.0 = Release|Any CPU
		{66A81426-CFCA-44D0-BE18-EB2A8162E31D}.Debug|Any CPU.ActiveCfg = Debug|Any CPU
		{66A81426-CFCA-44D0-BE18-EB2A8162E31D}.Debug|Any CPU.Build.0 = Debug|Any CPU
		{66A81426-CFCA-44D0-BE18-EB2A8162E31D}.Release|Any CPU.ActiveCfg = Release|Any CPU
		{66A81426-CFCA-44D0-BE18-EB2A8162E31D}.Release|Any CPU.Build.0 = Release|Any CPU
	EndGlobalSection
	GlobalSection(SolutionProperties) = preSolution
		HideSolutionNode = FALSE
	EndGlobalSection
	GlobalSection(ExtensibilityGlobals) = postSolution
		SolutionGuid = {9DE6E002-E2A4-411A-B63B-001866E0DB52}
	EndGlobalSection
EndGlobal
